
Microsoft Visual Studio Solution File, Format Version 12.00
# Visual Studio Version 16
VisualStudioVersion = 16.0.31005.135
MinimumVisualStudioVersion = 10.0.40219.1
Project("{FAE04EC0-301F-11D3-BF4B-00C04F79EFBC}") = "ConsolePhoneBook", "ConsolePhoneBook\ConsolePhoneBook.csproj", "{B24D98E0-994D-4D95-9E62-0DCA25409689}"
EndProject
Global
	GlobalSection(SolutionConfigurationPlatforms) = preSolution
		Debug|Any CPU = Debug|Any CPU
		Release|Any CPU = Release|Any CPU
	EndGlobalSection
	GlobalSection(ProjectConfigurationPlatforms) = postSolution
		{B24D98E0-994D-4D95-9E62-0DCA25409689}.Debug|Any CPU.ActiveCfg = Debug|Any CPU
		{B24D98E0-994D-4D95-9E62-0DCA25409689}.Debug|Any CPU.Build.0 = Debug|Any CPU
		{B24D98E0-994D-4D95-9E62-0DCA25409689}.Release|Any CPU.ActiveCfg = Release|Any CPU
		{B24D98E0-994D-4D95-9E62-0DCA25409689}.Release|Any CPU.Build.0 = Release|Any CPU
	EndGlobalSection
	GlobalSection(SolutionProperties) = preSolution
		HideSolutionNode = FALSE
	EndGlobalSection
	GlobalSection(ExtensibilityGlobals) = postSolution
		SolutionGuid = {65D2D8A8-77F9-45CD-B414-AE050362302D}
	EndGlobalSection
EndGlobal
